
Microsoft Visual Studio Solution File, Format Version 12.00
# Visual Studio Version 17
VisualStudioVersion = 17.8.34330.188
MinimumVisualStudioVersion = 10.0.40219.1
Project("{FAE04EC0-301F-11D3-BF4B-00C04F79EFBC}") = "code-first-ef-asp.net", "code-first-ef-asp.net\code-first-ef-asp.net.csproj", "{3966BB0C-7C63-450B-9855-6EB2ACCC7A3A}"
EndProject
Global
	GlobalSection(SolutionConfigurationPlatforms) = preSolution
		Debug|Any CPU = Debug|Any CPU
		Release|Any CPU = Release|Any CPU
	EndGlobalSection
	GlobalSection(ProjectConfigurationPlatforms) = postSolution
		{3966BB0C-7C63-450B-9855-6EB2ACCC7A3A}.Debug|Any CPU.ActiveCfg = Debug|Any CPU
		{3966BB0C-7C63-450B-9855-6EB2ACCC7A3A}.Debug|Any CPU.Build.0 = Debug|Any CPU
		{3966BB0C-7C63-450B-9855-6EB2ACCC7A3A}.Release|Any CPU.ActiveCfg = Release|Any CPU
		{3966BB0C-7C63-450B-9855-6EB2ACCC7A3A}.Release|Any CPU.Build.0 = Release|Any CPU
	EndGlobalSection
	GlobalSection(SolutionProperties) = preSolution
		HideSolutionNode = FALSE
	EndGlobalSection
	GlobalSection(ExtensibilityGlobals) = postSolution
		SolutionGuid = {12ED26F3-0BE4-4A1C-B022-B6544064FCB0}
	EndGlobalSection
EndGlobal
